<?xml version="1.0" encoding="utf-8"?>
<Project ToolsVersion="4.0" xmlns="http://schemas.microsoft.com/developer/msbuild/2003">
  <ItemGroup>
    <Filter Include="Source Files">
      <UniqueIdentifier>{4FC737F1-C7A5-4376-A066-2A32D752A2FF}</UniqueIdentifier>
      <Extensions>cpp;c;cc;cxx;c++;cppm;ixx;def;odl;idl;hpj;bat;asm;asmx</Extensions>
    </Filter>
    <Filter Include="UE4">
      <UniqueIdentifier>{0f000464-de2e-48e5-a35e-7e7cb7596649}</UniqueIdentifier>
    </Filter>
    <Filter Include="Mod">
      <UniqueIdentifier>{5e9905c0-4bbb-46a4-8002-8adc3490cc17}</UniqueIdentifier>
    </Filter>
  </ItemGroup>
  <ItemGroup>
    <ClCompile Include="dllmain.cpp">
      <Filter>Source Files</Filter>
    </ClCompile>
    <ClCompile Include="ExampleMod.cpp">
      <Filter>Mod</Filter>
    </ClCompile>
    <ClCompile Include="..\DaedalusLoader\UE4\Basic.cpp">
      <Filter>Source Files</Filter>
    </ClCompile>
    <ClCompile Include="..\DaedalusLoader\UE4\CoreUObject_functions.cpp">
      <Filter>Source Files</Filter>
    </ClCompile>
  </ItemGroup>
  <ItemGroup>
    <ClInclude Include="ExampleMod.h">
      <Filter>Mod</Filter>
    </ClInclude>
    <ClInclude Include="..\DaedalusLoader\UE4\Ue4.hpp" />
  </ItemGroup>
</Project>